<?xml version="1.0" encoding="utf-8"?>
<Project ToolsVersion="4.0" xmlns="http://schemas.microsoft.com/developer/msbuild/2003">
  <ItemGroup>
    <ClCompile Include="..\Src\KTX.cpp" />
    <ClCompile Include="..\Src\Main.cpp" />
    <ClCompile Include="..\Src\MainWindow.cpp" />
    <ClCompile Include="..\Src\Object.cpp" />
    <ClCompile Include="..\Src\OpenGLWindow.cpp" />
  </ItemGroup>
  <ItemGroup>
    <ClInclude Include="..\Src\Bind.h" />
    <ClInclude Include="..\Src\ktx.h" />
    <ClInclude Include="..\Src\Main.h" />
    <ClInclude Include="..\Src\MainWindow.h" />
    <ClInclude Include="..\Src\Object.h" />
    <ClInclude Include="..\Src\OpenGLWindow.h" />
    <ClInclude Include="..\Src\sb6mfile.h" />
    <ClInclude Include="..\Src\TypeOf.h" />
  </ItemGroup>
  <ItemGroup>
    <Filter Include="Shaders">
      <UniqueIdentifier>{f4cb86a5-1719-40ad-b6e2-d2df7873d4d2}</UniqueIdentifier>
    </Filter>
  </ItemGroup>
  <ItemGroup>
    <None Include="..\Bin\Shaders\std_fragment.glsl">
      <Filter>Shaders</Filter>
    </None>
    <None Include="..\Bin\Shaders\std_vertex.glsl">
      <Filter>Shaders</Filter>
    </None>
  </ItemGroup>
</Project>