<?xml version="1.0" encoding="utf-8"?>
<Project ToolsVersion="4.0" xmlns="http://schemas.microsoft.com/developer/msbuild/2003">
  <ItemGroup>
    <Filter Include="Core">
      <UniqueIdentifier>{74d7e251-6631-4a50-945e-f9921ece7ffb}</UniqueIdentifier>
    </Filter>
    <Filter Include="Ext">
      <UniqueIdentifier>{d9bc4901-b09f-4e51-a7ca-8f24f399f2cd}</UniqueIdentifier>
    </Filter>
    <Filter Include="Utility">
      <UniqueIdentifier>{ad105d5a-f462-4f68-ac7b-a6a4428ffeb0}</UniqueIdentifier>
    </Filter>
    <Filter Include=".Bin">
      <UniqueIdentifier>{4407452c-2f6c-4f96-874a-3c04e47c9744}</UniqueIdentifier>
    </Filter>
    <Filter Include="Ext\framework">
      <UniqueIdentifier>{68cf69cf-667e-42f1-9fa4-9c0a75feb6cb}</UniqueIdentifier>
    </Filter>
    <Filter Include="Ext\glutil">
      <UniqueIdentifier>{6a8d060e-a5d0-4486-a3d5-b1329905037c}</UniqueIdentifier>
    </Filter>
  </ItemGroup>
  <ItemGroup>
    <ClInclude Include="..\Src\Core\Core.h">
      <Filter>Core</Filter>
    </ClInclude>
    <ClInclude Include="..\Src\Core\GLFWInput.h">
      <Filter>Core</Filter>
    </ClInclude>
    <ClInclude Include="..\Src\Core\OpenGLWindow.h">
      <Filter>Core</Filter>
    </ClInclude>
    <ClInclude Include="..\Src\Core\Shader.h">
      <Filter>Core</Filter>
    </ClInclude>
    <ClInclude Include="..\Src\Utility\Helper.h">
      <Filter>Utility</Filter>
    </ClInclude>
    <ClInclude Include="..\Src\Utility\Timer.h">
      <Filter>Utility</Filter>
    </ClInclude>
    <ClInclude Include="..\Src\Constants.h" />
    <ClInclude Include="..\Src\Main.h" />
    <ClInclude Include="..\Src\OpenGLStudy.h" />
    <ClInclude Include="..\Ext\framework\directories.h">
      <Filter>Ext\framework</Filter>
    </ClInclude>
    <ClInclude Include="..\Ext\framework\framework.h">
      <Filter>Ext\framework</Filter>
    </ClInclude>
    <ClInclude Include="..\Ext\framework\framework_all.h">
      <Filter>Ext\framework</Filter>
    </ClInclude>
    <ClInclude Include="..\Ext\framework\Interpolators.h">
      <Filter>Ext\framework</Filter>
    </ClInclude>
    <ClInclude Include="..\Ext\framework\Mesh.h">
      <Filter>Ext\framework</Filter>
    </ClInclude>
    <ClInclude Include="..\Ext\framework\MousePole.h">
      <Filter>Ext\framework</Filter>
    </ClInclude>
    <ClInclude Include="..\Ext\framework\rapidxml.hpp">
      <Filter>Ext\framework</Filter>
    </ClInclude>
    <ClInclude Include="..\Ext\framework\rapidxml_helpers.h">
      <Filter>Ext\framework</Filter>
    </ClInclude>
    <ClInclude Include="..\Ext\framework\rapidxml_iterators.hpp">
      <Filter>Ext\framework</Filter>
    </ClInclude>
    <ClInclude Include="..\Ext\framework\rapidxml_print.hpp">
      <Filter>Ext\framework</Filter>
    </ClInclude>
    <ClInclude Include="..\Ext\framework\rapidxml_utils.hpp">
      <Filter>Ext\framework</Filter>
    </ClInclude>
    <ClInclude Include="..\Ext\framework\Scene.h">
      <Filter>Ext\framework</Filter>
    </ClInclude>
    <ClInclude Include="..\Ext\framework\SceneBinders.h">
      <Filter>Ext\framework</Filter>
    </ClInclude>
    <ClInclude Include="..\Ext\framework\Timer.h">
      <Filter>Ext\framework</Filter>
    </ClInclude>
    <ClInclude Include="..\Ext\framework\UniformBlockArray.h">
      <Filter>Ext\framework</Filter>
    </ClInclude>
    <ClInclude Include="..\Ext\glutil\Debug.h">
      <Filter>Ext\glutil</Filter>
    </ClInclude>
    <ClInclude Include="..\Ext\glutil\glutil.h">
      <Filter>Ext\glutil</Filter>
    </ClInclude>
    <ClInclude Include="..\Ext\glutil\MatrixStack.h">
      <Filter>Ext\glutil</Filter>
    </ClInclude>
    <ClInclude Include="..\Ext\glutil\MousePoles.h">
      <Filter>Ext\glutil</Filter>
    </ClInclude>
    <ClInclude Include="..\Ext\glutil\Shader.h">
      <Filter>Ext\glutil</Filter>
    </ClInclude>
    <ClInclude Include="..\Ext\glutil\WindowPos.h">
      <Filter>Ext\glutil</Filter>
    </ClInclude>
  </ItemGroup>
  <ItemGroup>
    <ClCompile Include="..\Src\Core\GLFWInput.cpp">
      <Filter>Core</Filter>
    </ClCompile>
    <ClCompile Include="..\Src\Core\OpenGLWindow.cpp">
      <Filter>Core</Filter>
    </ClCompile>
    <ClCompile Include="..\Src\Core\Shader.cpp">
      <Filter>Core</Filter>
    </ClCompile>
    <ClCompile Include="..\Src\Utility\Helper.cpp">
      <Filter>Utility</Filter>
    </ClCompile>
    <ClCompile Include="..\Src\Utility\Timer.cpp">
      <Filter>Utility</Filter>
    </ClCompile>
    <ClCompile Include="..\Src\Main.cpp" />
    <ClCompile Include="..\Src\OpenGLStudy.cpp" />
    <ClCompile Include="..\Ext\GL\gl3w.c">
      <Filter>Ext</Filter>
    </ClCompile>
    <ClCompile Include="..\Ext\framework\empty.cpp">
      <Filter>Ext\framework</Filter>
    </ClCompile>
    <ClCompile Include="..\Ext\framework\framework.cpp">
      <Filter>Ext\framework</Filter>
    </ClCompile>
    <ClCompile Include="..\Ext\framework\Mesh.cpp">
      <Filter>Ext\framework</Filter>
    </ClCompile>
    <ClCompile Include="..\Ext\framework\Scene.cpp">
      <Filter>Ext\framework</Filter>
    </ClCompile>
    <ClCompile Include="..\Ext\framework\Timer.cpp">
      <Filter>Ext\framework</Filter>
    </ClCompile>
    <ClCompile Include="..\Ext\glutil\Debug.cpp">
      <Filter>Ext\glutil</Filter>
    </ClCompile>
    <ClCompile Include="..\Ext\glutil\MatrixStack.cpp">
      <Filter>Ext\glutil</Filter>
    </ClCompile>
    <ClCompile Include="..\Ext\glutil\MousePoles.cpp">
      <Filter>Ext\glutil</Filter>
    </ClCompile>
    <ClCompile Include="..\Ext\glutil\Shader.cpp">
      <Filter>Ext\glutil</Filter>
    </ClCompile>
    <ClCompile Include="..\Ext\glutil\WindowPos.cpp">
      <Filter>Ext\glutil</Filter>
    </ClCompile>
  </ItemGroup>
  <ItemGroup>
    <None Include="..\Bin\Shaders\standard.frag">
      <Filter>.Bin</Filter>
    </None>
    <None Include="..\Bin\Shaders\standard.vert">
      <Filter>.Bin</Filter>
    </None>
  </ItemGroup>
</Project>